
Microsoft Visual Studio Solution File, Format Version 12.00
# Visual Studio Version 17
VisualStudioVersion = 17.7.34031.279
MinimumVisualStudioVersion = 10.0.40219.1
Project("{9A19103F-16F7-4668-BE54-9A1E7A4F7556}") = "ukol5", "ukol5\ukol5.csproj", "{669C919F-10E0-4348-9622-59C3F3D78B49}"
EndProject
Project("{FAE04EC0-301F-11D3-BF4B-00C04F79EFBC}") = "ukol4", "ukol4\ukol4.csproj", "{932FD426-7891-42CE-90AB-FB0DCDAF3570}"
EndProject
Global
	GlobalSection(SolutionConfigurationPlatforms) = preSolution
		Debug|Any CPU = Debug|Any CPU
		Release|Any CPU = Release|Any CPU
	EndGlobalSection
	GlobalSection(ProjectConfigurationPlatforms) = postSolution
		{669C919F-10E0-4348-9622-59C3F3D78B49}.Debug|Any CPU.ActiveCfg = Debug|Any CPU
		{669C919F-10E0-4348-9622-59C3F3D78B49}.Debug|Any CPU.Build.0 = Debug|Any CPU
		{669C919F-10E0-4348-9622-59C3F3D78B49}.Release|Any CPU.ActiveCfg = Release|Any CPU
		{669C919F-10E0-4348-9622-59C3F3D78B49}.Release|Any CPU.Build.0 = Release|Any CPU
		{932FD426-7891-42CE-90AB-FB0DCDAF3570}.Debug|Any CPU.ActiveCfg = Debug|Any CPU
		{932FD426-7891-42CE-90AB-FB0DCDAF3570}.Debug|Any CPU.Build.0 = Debug|Any CPU
		{932FD426-7891-42CE-90AB-FB0DCDAF3570}.Release|Any CPU.ActiveCfg = Release|Any CPU
		{932FD426-7891-42CE-90AB-FB0DCDAF3570}.Release|Any CPU.Build.0 = Release|Any CPU
	EndGlobalSection
	GlobalSection(SolutionProperties) = preSolution
		HideSolutionNode = FALSE
	EndGlobalSection
	GlobalSection(ExtensibilityGlobals) = postSolution
		SolutionGuid = {083CB44C-D6A7-44A5-8DCD-BCB7080C639C}
	EndGlobalSection
EndGlobal
